
Microsoft Visual Studio Solution File, Format Version 12.00
# Visual Studio Version 16
VisualStudioVersion = 16.0.32413.511
MinimumVisualStudioVersion = 10.0.40219.1
Project("{9A19103F-16F7-4668-BE54-9A1E7A4F7556}") = "MySql.Data", "MySQL.Data\src\MySql.Data.csproj", "{1745969D-2A70-41AD-9020-A219BA019F73}"
EndProject
Project("{FAE04EC0-301F-11D3-BF4B-00C04F79EFBC}") = "MySql.Data.Tests", "MySql.Data.Tests\MySql.Data.Tests.csproj", "{8A8562BF-517A-4872-A86C-A52958D55B34}"
EndProject
Global
	GlobalSection(SolutionConfigurationPlatforms) = preSolution
		Debug|Any CPU = Debug|Any CPU
		Release|Any CPU = Release|Any CPU
	EndGlobalSection
	GlobalSection(ProjectConfigurationPlatforms) = postSolution
		{1745969D-2A70-41AD-9020-A219BA019F73}.Debug|Any CPU.ActiveCfg = Debug|Any CPU
		{1745969D-2A70-41AD-9020-A219BA019F73}.Debug|Any CPU.Build.0 = Debug|Any CPU
		{1745969D-2A70-41AD-9020-A219BA019F73}.Release|Any CPU.ActiveCfg = Release|Any CPU
		{1745969D-2A70-41AD-9020-A219BA019F73}.Release|Any CPU.Build.0 = Release|Any CPU
		{8A8562BF-517A-4872-A86C-A52958D55B34}.Debug|Any CPU.ActiveCfg = Debug|Any CPU
		{8A8562BF-517A-4872-A86C-A52958D55B34}.Debug|Any CPU.Build.0 = Debug|Any CPU
		{8A8562BF-517A-4872-A86C-A52958D55B34}.Release|Any CPU.ActiveCfg = Release|Any CPU
		{8A8562BF-517A-4872-A86C-A52958D55B34}.Release|Any CPU.Build.0 = Release|Any CPU
	EndGlobalSection
	GlobalSection(SolutionProperties) = preSolution
		HideSolutionNode = FALSE
	EndGlobalSection
	GlobalSection(ExtensibilityGlobals) = postSolution
		SolutionGuid = {77EC1C7B-1DA7-4FB1-9C0B-147A78F4D1A3}
	EndGlobalSection
EndGlobal
